
Microsoft Visual Studio Solution File, Format Version 12.00
# Visual Studio 15
VisualStudioVersion = 15.0.28307.902
MinimumVisualStudioVersion = 10.0.40219.1
Project("{FAE04EC0-301F-11D3-BF4B-00C04F79EFBC}") = "CodeTest", "CodeTest\CodeTest.csproj", "{3C85A0D1-3BA3-4EEA-918C-16A3DC1FE063}"
EndProject
Project("{FAE04EC0-301F-11D3-BF4B-00C04F79EFBC}") = "CodeTest.Tests", "CodeTest.Tests\CodeTest.Tests.csproj", "{5177E3D2-5ECE-427D-B502-7E5DF3AC1FC5}"
EndProject
Project("{FAE04EC0-301F-11D3-BF4B-00C04F79EFBC}") = "CodeTest.Application", "CodeTest.Application\CodeTest.Application.csproj", "{25A2D50A-7E4D-4521-BE85-E6D9869237DA}"
EndProject
Project("{FAE04EC0-301F-11D3-BF4B-00C04F79EFBC}") = "CodeTest.Infrastructure", "CodeTest.Infrastructure\CodeTest.Infrastructure.csproj", "{0D27DA6D-3565-42A6-AEA1-F10D1F37626E}"
EndProject
Global
	GlobalSection(SolutionConfigurationPlatforms) = preSolution
		Debug|Any CPU = Debug|Any CPU
		Release|Any CPU = Release|Any CPU
	EndGlobalSection
	GlobalSection(ProjectConfigurationPlatforms) = postSolution
		{3C85A0D1-3BA3-4EEA-918C-16A3DC1FE063}.Debug|Any CPU.ActiveCfg = Debug|Any CPU
		{3C85A0D1-3BA3-4EEA-918C-16A3DC1FE063}.Debug|Any CPU.Build.0 = Debug|Any CPU
		{3C85A0D1-3BA3-4EEA-918C-16A3DC1FE063}.Release|Any CPU.ActiveCfg = Release|Any CPU
		{3C85A0D1-3BA3-4EEA-918C-16A3DC1FE063}.Release|Any CPU.Build.0 = Release|Any CPU
		{5177E3D2-5ECE-427D-B502-7E5DF3AC1FC5}.Debug|Any CPU.ActiveCfg = Debug|Any CPU
		{5177E3D2-5ECE-427D-B502-7E5DF3AC1FC5}.Debug|Any CPU.Build.0 = Debug|Any CPU
		{5177E3D2-5ECE-427D-B502-7E5DF3AC1FC5}.Release|Any CPU.ActiveCfg = Release|Any CPU
		{5177E3D2-5ECE-427D-B502-7E5DF3AC1FC5}.Release|Any CPU.Build.0 = Release|Any CPU
		{25A2D50A-7E4D-4521-BE85-E6D9869237DA}.Debug|Any CPU.ActiveCfg = Debug|Any CPU
		{25A2D50A-7E4D-4521-BE85-E6D9869237DA}.Debug|Any CPU.Build.0 = Debug|Any CPU
		{25A2D50A-7E4D-4521-BE85-E6D9869237DA}.Release|Any CPU.ActiveCfg = Release|Any CPU
		{25A2D50A-7E4D-4521-BE85-E6D9869237DA}.Release|Any CPU.Build.0 = Release|Any CPU
		{0D27DA6D-3565-42A6-AEA1-F10D1F37626E}.Debug|Any CPU.ActiveCfg = Debug|Any CPU
		{0D27DA6D-3565-42A6-AEA1-F10D1F37626E}.Debug|Any CPU.Build.0 = Debug|Any CPU
		{0D27DA6D-3565-42A6-AEA1-F10D1F37626E}.Release|Any CPU.ActiveCfg = Release|Any CPU
		{0D27DA6D-3565-42A6-AEA1-F10D1F37626E}.Release|Any CPU.Build.0 = Release|Any CPU
	EndGlobalSection
	GlobalSection(SolutionProperties) = preSolution
		HideSolutionNode = FALSE
	EndGlobalSection
	GlobalSection(ExtensibilityGlobals) = postSolution
		SolutionGuid = {13BC8D4E-8A75-4236-A6D4-A2C7662EFEB4}
	EndGlobalSection
EndGlobal
